// !$*UTF8*$!
{
	archiveVersion = 1;
	classes = {
	};
	objectVersion = 55;
	objects = {

/* Begin PBXBuildFile section */
		67293DBE278E9921002DA50E /* AppDelegate.swift in Sources */ = {isa = PBXBuildFile; fileRef = 67293DBD278E9921002DA50E /* AppDelegate.swift */; };
		67293DC0278E9921002DA50E /* SceneDelegate.swift in Sources */ = {isa = PBXBuildFile; fileRef = 67293DBF278E9921002DA50E /* SceneDelegate.swift */; };
		67293DC2278E9921002DA50E /* CategoryDownloadViewController.swift in Sources */ = {isa = PBXBuildFile; fileRef = 67293DC1278E9921002DA50E /* CategoryDownloadViewController.swift */; };
		67293DC7278E9925002DA50E /* Assets.xcassets in Resources */ = {isa = PBXBuildFile; fileRef = 67293DC6278E9925002DA50E /* Assets.xcassets */; };
		67293DCA278E9925002DA50E /* LaunchScreen.storyboard in Resources */ = {isa = PBXBuildFile; fileRef = 67293DC8278E9925002DA50E /* LaunchScreen.storyboard */; };
		67293DD4278E99D3002DA50E /* CategoryDownloadModel.swift in Sources */ = {isa = PBXBuildFile; fileRef = 67293DD3278E99D3002DA50E /* CategoryDownloadModel.swift */; };
		67293DDC278E9AD6002DA50E /* SocialDownloaderAppTests.swift in Sources */ = {isa = PBXBuildFile; fileRef = 67293DDB278E9AD6002DA50E /* SocialDownloaderAppTests.swift */; };
		67293DE6278EAF40002DA50E /* CategoryDownloadCollectionViewDatasource.swift in Sources */ = {isa = PBXBuildFile; fileRef = 67293DE5278EAF40002DA50E /* CategoryDownloadCollectionViewDatasource.swift */; };
		67293DE9278EB02A002DA50E /* CategoryDownloadUICollectionViewCell.swift in Sources */ = {isa = PBXBuildFile; fileRef = 67293DE8278EB02A002DA50E /* CategoryDownloadUICollectionViewCell.swift */; };
		67293DEB278EEF64002DA50E /* NotificationsViewController.swift in Sources */ = {isa = PBXBuildFile; fileRef = 67293DEA278EEF64002DA50E /* NotificationsViewController.swift */; };
		67293DED278EF0AC002DA50E /* NotificationModel.swift in Sources */ = {isa = PBXBuildFile; fileRef = 67293DEC278EF0AC002DA50E /* NotificationModel.swift */; };
		67293DEF278EF12C002DA50E /* NotificationDescriptionModel.swift in Sources */ = {isa = PBXBuildFile; fileRef = 67293DEE278EF12C002DA50E /* NotificationDescriptionModel.swift */; };
		67293DF1278EF40B002DA50E /* NotificationsCollectionViewDatasource.swift in Sources */ = {isa = PBXBuildFile; fileRef = 67293DF0278EF40B002DA50E /* NotificationsCollectionViewDatasource.swift */; };
		67293DF3278EF528002DA50E /* NotificationsDescriptionCollectionViewCell.swift in Sources */ = {isa = PBXBuildFile; fileRef = 67293DF2278EF528002DA50E /* NotificationsDescriptionCollectionViewCell.swift */; };
		67293DF5278F43E2002DA50E /* NotificationsHeaderCollectionReusableView.swift in Sources */ = {isa = PBXBuildFile; fileRef = 67293DF4278F43E2002DA50E /* NotificationsHeaderCollectionReusableView.swift */; };
/* End PBXBuildFile section */

/* Begin PBXContainerItemProxy section */
		67293DDD278E9AD6002DA50E /* PBXContainerItemProxy */ = {
			isa = PBXContainerItemProxy;
			containerPortal = 67293DB2278E9921002DA50E /* Project object */;
			proxyType = 1;
			remoteGlobalIDString = 67293DB9278E9921002DA50E;
			remoteInfo = SocialDownloaderApp;
		};
/* End PBXContainerItemProxy section */

/* Begin PBXFileReference section */
		67293DBA278E9921002DA50E /* SocialDownloaderApp.app */ = {isa = PBXFileReference; explicitFileType = wrapper.application; includeInIndex = 0; path = SocialDownloaderApp.app; sourceTree = BUILT_PRODUCTS_DIR; };
		67293DBD278E9921002DA50E /* AppDelegate.swift */ = {isa = PBXFileReference; lastKnownFileType = sourcecode.swift; path = AppDelegate.swift; sourceTree = "<group>"; };
		67293DBF278E9921002DA50E /* SceneDelegate.swift */ = {isa = PBXFileReference; lastKnownFileType = sourcecode.swift; path = SceneDelegate.swift; sourceTree = "<group>"; };
		67293DC1278E9921002DA50E /* CategoryDownloadViewController.swift */ = {isa = PBXFileReference; lastKnownFileType = sourcecode.swift; path = CategoryDownloadViewController.swift; sourceTree = "<group>"; };
		67293DC6278E9925002DA50E /* Assets.xcassets */ = {isa = PBXFileReference; lastKnownFileType = folder.assetcatalog; path = Assets.xcassets; sourceTree = "<group>"; };
		67293DC9278E9925002DA50E /* Base */ = {isa = PBXFileReference; lastKnownFileType = file.storyboard; name = Base; path = Base.lproj/LaunchScreen.storyboard; sourceTree = "<group>"; };
		67293DCB278E9925002DA50E /* Info.plist */ = {isa = PBXFileReference; lastKnownFileType = text.plist.xml; path = Info.plist; sourceTree = "<group>"; };
		67293DD3278E99D3002DA50E /* CategoryDownloadModel.swift */ = {isa = PBXFileReference; lastKnownFileType = sourcecode.swift; path = CategoryDownloadModel.swift; sourceTree = "<group>"; };
		67293DD9278E9AD6002DA50E /* SocialDownloaderAppTests.xctest */ = {isa = PBXFileReference; explicitFileType = wrapper.cfbundle; includeInIndex = 0; path = SocialDownloaderAppTests.xctest; sourceTree = BUILT_PRODUCTS_DIR; };
		67293DDB278E9AD6002DA50E /* SocialDownloaderAppTests.swift */ = {isa = PBXFileReference; lastKnownFileType = sourcecode.swift; path = SocialDownloaderAppTests.swift; sourceTree = "<group>"; };
		67293DE5278EAF40002DA50E /* CategoryDownloadCollectionViewDatasource.swift */ = {isa = PBXFileReference; lastKnownFileType = sourcecode.swift; path = CategoryDownloadCollectionViewDatasource.swift; sourceTree = "<group>"; };
		67293DE8278EB02A002DA50E /* CategoryDownloadUICollectionViewCell.swift */ = {isa = PBXFileReference; lastKnownFileType = sourcecode.swift; path = CategoryDownloadUICollectionViewCell.swift; sourceTree = "<group>"; };
		67293DEA278EEF64002DA50E /* NotificationsViewController.swift */ = {isa = PBXFileReference; lastKnownFileType = sourcecode.swift; path = NotificationsViewController.swift; sourceTree = "<group>"; };
		67293DEC278EF0AC002DA50E /* NotificationModel.swift */ = {isa = PBXFileReference; lastKnownFileType = sourcecode.swift; path = NotificationModel.swift; sourceTree = "<group>"; };
		67293DEE278EF12C002DA50E /* NotificationDescriptionModel.swift */ = {isa = PBXFileReference; lastKnownFileType = sourcecode.swift; path = NotificationDescriptionModel.swift; sourceTree = "<group>"; };
		67293DF0278EF40B002DA50E /* NotificationsCollectionViewDatasource.swift */ = {isa = PBXFileReference; lastKnownFileType = sourcecode.swift; path = NotificationsCollectionViewDatasource.swift; sourceTree = "<group>"; };
		67293DF2278EF528002DA50E /* NotificationsDescriptionCollectionViewCell.swift */ = {isa = PBXFileReference; lastKnownFileType = sourcecode.swift; path = NotificationsDescriptionCollectionViewCell.swift; sourceTree = "<group>"; };
		67293DF4278F43E2002DA50E /* NotificationsHeaderCollectionReusableView.swift */ = {isa = PBXFileReference; lastKnownFileType = sourcecode.swift; path = NotificationsHeaderCollectionReusableView.swift; sourceTree = "<group>"; };
/* End PBXFileReference section */

/* Begin PBXFrameworksBuildPhase section */
		67293DB7278E9921002DA50E /* Frameworks */ = {
			isa = PBXFrameworksBuildPhase;
			buildActionMask = 2147483647;
			files = (
			);
			runOnlyForDeploymentPostprocessing = 0;
		};
		67293DD6278E9AD6002DA50E /* Frameworks */ = {
			isa = PBXFrameworksBuildPhase;
			buildActionMask = 2147483647;
			files = (
			);
			runOnlyForDeploymentPostprocessing = 0;
		};
/* End PBXFrameworksBuildPhase section */

/* Begin PBXGroup section */
		67293DB1278E9921002DA50E = {
			isa = PBXGroup;
			children = (
				67293DBC278E9921002DA50E /* SocialDownloaderApp */,
				67293DDA278E9AD6002DA50E /* SocialDownloaderAppTests */,
				67293DBB278E9921002DA50E /* Products */,
			);
			sourceTree = "<group>";
		};
		67293DBB278E9921002DA50E /* Products */ = {
			isa = PBXGroup;
			children = (
				67293DBA278E9921002DA50E /* SocialDownloaderApp.app */,
				67293DD9278E9AD6002DA50E /* SocialDownloaderAppTests.xctest */,
			);
			name = Products;
			sourceTree = "<group>";
		};
		67293DBC278E9921002DA50E /* SocialDownloaderApp */ = {
			isa = PBXGroup;
			children = (
				67293DE7278EAFFC002DA50E /* cells */,
				67293DE4278EAF03002DA50E /* datasource */,
				67293DD2278E99BA002DA50E /* model */,
				67293DD1278E993E002DA50E /* controllers */,
				67293DBD278E9921002DA50E /* AppDelegate.swift */,
				67293DBF278E9921002DA50E /* SceneDelegate.swift */,
				67293DC6278E9925002DA50E /* Assets.xcassets */,
				67293DC8278E9925002DA50E /* LaunchScreen.storyboard */,
				67293DCB278E9925002DA50E /* Info.plist */,
			);
			path = SocialDownloaderApp;
			sourceTree = "<group>";
		};
		67293DD1278E993E002DA50E /* controllers */ = {
			isa = PBXGroup;
			children = (
				67293DC1278E9921002DA50E /* CategoryDownloadViewController.swift */,
				67293DEA278EEF64002DA50E /* NotificationsViewController.swift */,
			);
			path = controllers;
			sourceTree = "<group>";
		};
		67293DD2278E99BA002DA50E /* model */ = {
			isa = PBXGroup;
			children = (
				67293DD3278E99D3002DA50E /* CategoryDownloadModel.swift */,
				67293DEC278EF0AC002DA50E /* NotificationModel.swift */,
				67293DEE278EF12C002DA50E /* NotificationDescriptionModel.swift */,
			);
			path = model;
			sourceTree = "<group>";
		};
		67293DDA278E9AD6002DA50E /* SocialDownloaderAppTests */ = {
			isa = PBXGroup;
			children = (
				67293DDB278E9AD6002DA50E /* SocialDownloaderAppTests.swift */,
			);
			path = SocialDownloaderAppTests;
			sourceTree = "<group>";
		};
		67293DE4278EAF03002DA50E /* datasource */ = {
			isa = PBXGroup;
			children = (
				67293DE5278EAF40002DA50E /* CategoryDownloadCollectionViewDatasource.swift */,
				67293DF0278EF40B002DA50E /* NotificationsCollectionViewDatasource.swift */,
			);
			path = datasource;
			sourceTree = "<group>";
		};
		67293DE7278EAFFC002DA50E /* cells */ = {
			isa = PBXGroup;
			children = (
				67293DE8278EB02A002DA50E /* CategoryDownloadUICollectionViewCell.swift */,
				67293DF2278EF528002DA50E /* NotificationsDescriptionCollectionViewCell.swift */,
				67293DF4278F43E2002DA50E /* NotificationsHeaderCollectionReusableView.swift */,
			);
			path = cells;
			sourceTree = "<group>";
		};
/* End PBXGroup section */

/* Begin PBXNativeTarget section */
		67293DB9278E9921002DA50E /* SocialDownloaderApp */ = {
			isa = PBXNativeTarget;
			buildConfigurationList = 67293DCE278E9925002DA50E /* Build configuration list for PBXNativeTarget "SocialDownloaderApp" */;
			buildPhases = (
				67293DB6278E9921002DA50E /* Sources */,
				67293DB7278E9921002DA50E /* Frameworks */,
				67293DB8278E9921002DA50E /* Resources */,
			);
			buildRules = (
			);
			dependencies = (
			);
			name = SocialDownloaderApp;
			productName = SocialDownloaderApp;
			productReference = 67293DBA278E9921002DA50E /* SocialDownloaderApp.app */;
			productType = "com.apple.product-type.application";
		};
		67293DD8278E9AD6002DA50E /* SocialDownloaderAppTests */ = {
			isa = PBXNativeTarget;
			buildConfigurationList = 67293DDF278E9AD6002DA50E /* Build configuration list for PBXNativeTarget "SocialDownloaderAppTests" */;
			buildPhases = (
				67293DD5278E9AD6002DA50E /* Sources */,
				67293DD6278E9AD6002DA50E /* Frameworks */,
				67293DD7278E9AD6002DA50E /* Resources */,
			);
			buildRules = (
			);
			dependencies = (
				67293DDE278E9AD6002DA50E /* PBXTargetDependency */,
			);
			name = SocialDownloaderAppTests;
			productName = SocialDownloaderAppTests;
			productReference = 67293DD9278E9AD6002DA50E /* SocialDownloaderAppTests.xctest */;
			productType = "com.apple.product-type.bundle.unit-test";
		};
/* End PBXNativeTarget section */

/* Begin PBXProject section */
		67293DB2278E9921002DA50E /* Project object */ = {
			isa = PBXProject;
			attributes = {
				BuildIndependentTargetsInParallel = 1;
				LastSwiftUpdateCheck = 1320;
				LastUpgradeCheck = 1320;
				TargetAttributes = {
					67293DB9278E9921002DA50E = {
						CreatedOnToolsVersion = 13.2.1;
					};
					67293DD8278E9AD6002DA50E = {
						CreatedOnToolsVersion = 13.2.1;
						TestTargetID = 67293DB9278E9921002DA50E;
					};
				};
			};
			buildConfigurationList = 67293DB5278E9921002DA50E /* Build configuration list for PBXProject "SocialDownloaderApp" */;
			compatibilityVersion = "Xcode 13.0";
			developmentRegion = en;
			hasScannedForEncodings = 0;
			knownRegions = (
				en,
				Base,
			);
			mainGroup = 67293DB1278E9921002DA50E;
			productRefGroup = 67293DBB278E9921002DA50E /* Products */;
			projectDirPath = "";
			projectRoot = "";
			targets = (
				67293DB9278E9921002DA50E /* SocialDownloaderApp */,
				67293DD8278E9AD6002DA50E /* SocialDownloaderAppTests */,
			);
		};
/* End PBXProject section */

/* Begin PBXResourcesBuildPhase section */
		67293DB8278E9921002DA50E /* Resources */ = {
			isa = PBXResourcesBuildPhase;
			buildActionMask = 2147483647;
			files = (
				67293DCA278E9925002DA50E /* LaunchScreen.storyboard in Resources */,
				67293DC7278E9925002DA50E /* Assets.xcassets in Resources */,
			);
			runOnlyForDeploymentPostprocessing = 0;
		};
		67293DD7278E9AD6002DA50E /* Resources */ = {
			isa = PBXResourcesBuildPhase;
			buildActionMask = 2147483647;
			files = (
			);
			runOnlyForDeploymentPostprocessing = 0;
		};
/* End PBXResourcesBuildPhase section */

/* Begin PBXSourcesBuildPhase section */
		67293DB6278E9921002DA50E /* Sources */ = {
			isa = PBXSourcesBuildPhase;
			buildActionMask = 2147483647;
			files = (
				67293DC2278E9921002DA50E /* CategoryDownloadViewController.swift in Sources */,
				67293DD4278E99D3002DA50E /* CategoryDownloadModel.swift in Sources */,
				67293DED278EF0AC002DA50E /* NotificationModel.swift in Sources */,
				67293DF5278F43E2002DA50E /* NotificationsHeaderCollectionReusableView.swift in Sources */,
				67293DEF278EF12C002DA50E /* NotificationDescriptionModel.swift in Sources */,
				67293DE6278EAF40002DA50E /* CategoryDownloadCollectionViewDatasource.swift in Sources */,
				67293DBE278E9921002DA50E /* AppDelegate.swift in Sources */,
				67293DE9278EB02A002DA50E /* CategoryDownloadUICollectionViewCell.swift in Sources */,
				67293DEB278EEF64002DA50E /* NotificationsViewController.swift in Sources */,
				67293DF1278EF40B002DA50E /* NotificationsCollectionViewDatasource.swift in Sources */,
				67293DC0278E9921002DA50E /* SceneDelegate.swift in Sources */,
				67293DF3278EF528002DA50E /* NotificationsDescriptionCollectionViewCell.swift in Sources */,
			);
			runOnlyForDeploymentPostprocessing = 0;
		};
		67293DD5278E9AD6002DA50E /* Sources */ = {
			isa = PBXSourcesBuildPhase;
			buildActionMask = 2147483647;
			files = (
				67293DDC278E9AD6002DA50E /* SocialDownloaderAppTests.swift in Sources */,
			);
			runOnlyForDeploymentPostprocessing = 0;
		};
/* End PBXSourcesBuildPhase section */

/* Begin PBXTargetDependency section */
		67293DDE278E9AD6002DA50E /* PBXTargetDependency */ = {
			isa = PBXTargetDependency;
			target = 67293DB9278E9921002DA50E /* SocialDownloaderApp */;
			targetProxy = 67293DDD278E9AD6002DA50E /* PBXContainerItemProxy */;
		};
/* End PBXTargetDependency section */

/* Begin PBXVariantGroup section */
		67293DC8278E9925002DA50E /* LaunchScreen.storyboard */ = {
			isa = PBXVariantGroup;
			children = (
				67293DC9278E9925002DA50E /* Base */,
			);
			name = LaunchScreen.storyboard;
			sourceTree = "<group>";
		};
/* End PBXVariantGroup section */

/* Begin XCBuildConfiguration section */
		67293DCC278E9925002DA50E /* Debug */ = {
			isa = XCBuildConfiguration;
			buildSettings = {
				ALWAYS_SEARCH_USER_PATHS = NO;
				CLANG_ANALYZER_NONNULL = YES;
				CLANG_ANALYZER_NUMBER_OBJECT_CONVERSION = YES_AGGRESSIVE;
				CLANG_CXX_LANGUAGE_STANDARD = "gnu++17";
				CLANG_CXX_LIBRARY = "libc++";
				CLANG_ENABLE_MODULES = YES;
				CLANG_ENABLE_OBJC_ARC = YES;
				CLANG_ENABLE_OBJC_WEAK = YES;
				CLANG_WARN_BLOCK_CAPTURE_AUTORELEASING = YES;
				CLANG_WARN_BOOL_CONVERSION = YES;
				CLANG_WARN_COMMA = YES;
				CLANG_WARN_CONSTANT_CONVERSION = YES;
				CLANG_WARN_DEPRECATED_OBJC_IMPLEMENTATIONS = YES;
				CLANG_WARN_DIRECT_OBJC_ISA_USAGE = YES_ERROR;
				CLANG_WARN_DOCUMENTATION_COMMENTS = YES;
				CLANG_WARN_EMPTY_BODY = YES;
				CLANG_WARN_ENUM_CONVERSION = YES;
				CLANG_WARN_INFINITE_RECURSION = YES;
				CLANG_WARN_INT_CONVERSION = YES;
				CLANG_WARN_NON_LITERAL_NULL_CONVERSION = YES;
				CLANG_WARN_OBJC_IMPLICIT_RETAIN_SELF = YES;
				CLANG_WARN_OBJC_LITERAL_CONVERSION = YES;
				CLANG_WARN_OBJC_ROOT_CLASS = YES_ERROR;
				CLANG_WARN_QUOTED_INCLUDE_IN_FRAMEWORK_HEADER = YES;
				CLANG_WARN_RANGE_LOOP_ANALYSIS = YES;
				CLANG_WARN_STRICT_PROTOTYPES = YES;
				CLANG_WARN_SUSPICIOUS_MOVE = YES;
				CLANG_WARN_UNGUARDED_AVAILABILITY = YES_AGGRESSIVE;
				CLANG_WARN_UNREACHABLE_CODE = YES;
				CLANG_WARN__DUPLICATE_METHOD_MATCH = YES;
				COPY_PHASE_STRIP = NO;
				DEBUG_INFORMATION_FORMAT = dwarf;
				ENABLE_STRICT_OBJC_MSGSEND = YES;
				ENABLE_TESTABILITY = YES;
				GCC_C_LANGUAGE_STANDARD = gnu11;
				GCC_DYNAMIC_NO_PIC = NO;
				GCC_NO_COMMON_BLOCKS = YES;
				GCC_OPTIMIZATION_LEVEL = 0;
				GCC_PREPROCESSOR_DEFINITIONS = (
					"DEBUG=1",
					"$(inherited)",
				);
				GCC_WARN_64_TO_32_BIT_CONVERSION = YES;
				GCC_WARN_ABOUT_RETURN_TYPE = YES_ERROR;
				GCC_WARN_UNDECLARED_SELECTOR = YES;
				GCC_WARN_UNINITIALIZED_AUTOS = YES_AGGRESSIVE;
				GCC_WARN_UNUSED_FUNCTION = YES;
				GCC_WARN_UNUSED_VARIABLE = YES;
				IPHONEOS_DEPLOYMENT_TARGET = 15.2;
				MTL_ENABLE_DEBUG_INFO = INCLUDE_SOURCE;
				MTL_FAST_MATH = YES;
				ONLY_ACTIVE_ARCH = YES;
				SDKROOT = iphoneos;
				SWIFT_ACTIVE_COMPILATION_CONDITIONS = DEBUG;
				SWIFT_OPTIMIZATION_LEVEL = "-Onone";
			};
			name = Debug;
		};
		67293DCD278E9925002DA50E /* Release */ = {
			isa = XCBuildConfiguration;
			buildSettings = {
				ALWAYS_SEARCH_USER_PATHS = NO;
				CLANG_ANALYZER_NONNULL = YES;
				CLANG_ANALYZER_NUMBER_OBJECT_CONVERSION = YES_AGGRESSIVE;
				CLANG_CXX_LANGUAGE_STANDARD = "gnu++17";
				CLANG_CXX_LIBRARY = "libc++";
				CLANG_ENABLE_MODULES = YES;
				CLANG_ENABLE_OBJC_ARC = YES;
				CLANG_ENABLE_OBJC_WEAK = YES;
				CLANG_WARN_BLOCK_CAPTURE_AUTORELEASING = YES;
				CLANG_WARN_BOOL_CONVERSION = YES;
				CLANG_WARN_COMMA = YES;
				CLANG_WARN_CONSTANT_CONVERSION = YES;
				CLANG_WARN_DEPRECATED_OBJC_IMPLEMENTATIONS = YES;
				CLANG_WARN_DIRECT_OBJC_ISA_USAGE = YES_ERROR;
				CLANG_WARN_DOCUMENTATION_COMMENTS = YES;
				CLANG_WARN_EMPTY_BODY = YES;
				CLANG_WARN_ENUM_CONVERSION = YES;
				CLANG_WARN_INFINITE_RECURSION = YES;
				CLANG_WARN_INT_CONVERSION = YES;
				CLANG_WARN_NON_LITERAL_NULL_CONVERSION = YES;
				CLANG_WARN_OBJC_IMPLICIT_RETAIN_SELF = YES;
				CLANG_WARN_OBJC_LITERAL_CONVERSION = YES;
				CLANG_WARN_OBJC_ROOT_CLASS = YES_ERROR;
				CLANG_WARN_QUOTED_INCLUDE_IN_FRAMEWORK_HEADER = YES;
				CLANG_WARN_RANGE_LOOP_ANALYSIS = YES;
				CLANG_WARN_STRICT_PROTOTYPES = YES;
				CLANG_WARN_SUSPICIOUS_MOVE = YES;
				CLANG_WARN_UNGUARDED_AVAILABILITY = YES_AGGRESSIVE;
				CLANG_WARN_UNREACHABLE_CODE = YES;
				CLANG_WARN__DUPLICATE_METHOD_MATCH = YES;
				COPY_PHASE_STRIP = NO;
				DEBUG_INFORMATION_FORMAT = "dwarf-with-dsym";
				ENABLE_NS_ASSERTIONS = NO;
				ENABLE_STRICT_OBJC_MSGSEND = YES;
				GCC_C_LANGUAGE_STANDARD = gnu11;
				GCC_NO_COMMON_BLOCKS = YES;
				GCC_WARN_64_TO_32_BIT_CONVERSION = YES;
				GCC_WARN_ABOUT_RETURN_TYPE = YES_ERROR;
				GCC_WARN_UNDECLARED_SELECTOR = YES;
				GCC_WARN_UNINITIALIZED_AUTOS = YES_AGGRESSIVE;
				GCC_WARN_UNUSED_FUNCTION = YES;
				GCC_WARN_UNUSED_VARIABLE = YES;
				IPHONEOS_DEPLOYMENT_TARGET = 15.2;
				MTL_ENABLE_DEBUG_INFO = NO;
				MTL_FAST_MATH = YES;
				SDKROOT = iphoneos;
				SWIFT_COMPILATION_MODE = wholemodule;
				SWIFT_OPTIMIZATION_LEVEL = "-O";
				VALIDATE_PRODUCT = YES;
			};
			name = Release;
		};
		67293DCF278E9925002DA50E /* Debug */ = {
			isa = XCBuildConfiguration;
			buildSettings = {
				ASSETCATALOG_COMPILER_APPICON_NAME = AppIcon;
				ASSETCATALOG_COMPILER_GLOBAL_ACCENT_COLOR_NAME = AccentColor;
				CODE_SIGN_STYLE = Automatic;
				CURRENT_PROJECT_VERSION = 1;
				GENERATE_INFOPLIST_FILE = YES;
				INFOPLIST_FILE = SocialDownloaderApp/Info.plist;
				INFOPLIST_KEY_UIApplicationSupportsIndirectInputEvents = YES;
				INFOPLIST_KEY_UILaunchStoryboardName = LaunchScreen;
				INFOPLIST_KEY_UISupportedInterfaceOrientations_iPad = "UIInterfaceOrientationPortrait UIInterfaceOrientationPortraitUpsideDown UIInterfaceOrientationLandscapeLeft UIInterfaceOrientationLandscapeRight";
				INFOPLIST_KEY_UISupportedInterfaceOrientations_iPhone = "UIInterfaceOrientationPortrait UIInterfaceOrientationLandscapeLeft UIInterfaceOrientationLandscapeRight";
				LD_RUNPATH_SEARCH_PATHS = (
					"$(inherited)",
					"@executable_path/Frameworks",
				);
				MARKETING_VERSION = 1.0;
				PRODUCT_BUNDLE_IDENTIFIER = com.phumney.SocialDownloaderApp;
				PRODUCT_NAME = "$(TARGET_NAME)";
				SWIFT_EMIT_LOC_STRINGS = YES;
				SWIFT_VERSION = 5.0;
				TARGETED_DEVICE_FAMILY = 1;
			};
			name = Debug;
		};
		67293DD0278E9925002DA50E /* Release */ = {
			isa = XCBuildConfiguration;
			buildSettings = {
				ASSETCATALOG_COMPILER_APPICON_NAME = AppIcon;
				ASSETCATALOG_COMPILER_GLOBAL_ACCENT_COLOR_NAME = AccentColor;
				CODE_SIGN_STYLE = Automatic;
				CURRENT_PROJECT_VERSION = 1;
				GENERATE_INFOPLIST_FILE = YES;
				INFOPLIST_FILE = SocialDownloaderApp/Info.plist;
				INFOPLIST_KEY_UIApplicationSupportsIndirectInputEvents = YES;
				INFOPLIST_KEY_UILaunchStoryboardName = LaunchScreen;
				INFOPLIST_KEY_UISupportedInterfaceOrientations_iPad = "UIInterfaceOrientationPortrait UIInterfaceOrientationPortraitUpsideDown UIInterfaceOrientationLandscapeLeft UIInterfaceOrientationLandscapeRight";
				INFOPLIST_KEY_UISupportedInterfaceOrientations_iPhone = "UIInterfaceOrientationPortrait UIInterfaceOrientationLandscapeLeft UIInterfaceOrientationLandscapeRight";
				LD_RUNPATH_SEARCH_PATHS = (
					"$(inherited)",
					"@executable_path/Frameworks",
				);
				MARKETING_VERSION = 1.0;
				PRODUCT_BUNDLE_IDENTIFIER = com.phumney.SocialDownloaderApp;
				PRODUCT_NAME = "$(TARGET_NAME)";
				SWIFT_EMIT_LOC_STRINGS = YES;
				SWIFT_VERSION = 5.0;
				TARGETED_DEVICE_FAMILY = 1;
			};
			name = Release;
		};
		67293DE0278E9AD6002DA50E /* Debug */ = {
			isa = XCBuildConfiguration;
			buildSettings = {
				BUNDLE_LOADER = "$(TEST_HOST)";
				CODE_SIGN_STYLE = Automatic;
				CURRENT_PROJECT_VERSION = 1;
				GENERATE_INFOPLIST_FILE = YES;
				MARKETING_VERSION = 1.0;
				PRODUCT_BUNDLE_IDENTIFIER = com.phumney.SocialDownloaderAppTests;
				PRODUCT_NAME = "$(TARGET_NAME)";
				SWIFT_EMIT_LOC_STRINGS = NO;
				SWIFT_VERSION = 5.0;
				TARGETED_DEVICE_FAMILY = "1,2";
				TEST_HOST = "$(BUILT_PRODUCTS_DIR)/SocialDownloaderApp.app/SocialDownloaderApp";
			};
			name = Debug;
		};
		67293DE1278E9AD6002DA50E /* Release */ = {
			isa = XCBuildConfiguration;
			buildSettings = {
				BUNDLE_LOADER = "$(TEST_HOST)";
				CODE_SIGN_STYLE = Automatic;
				CURRENT_PROJECT_VERSION = 1;
				GENERATE_INFOPLIST_FILE = YES;
				MARKETING_VERSION = 1.0;
				PRODUCT_BUNDLE_IDENTIFIER = com.phumney.SocialDownloaderAppTests;
				PRODUCT_NAME = "$(TARGET_NAME)";
				SWIFT_EMIT_LOC_STRINGS = NO;
				SWIFT_VERSION = 5.0;
				TARGETED_DEVICE_FAMILY = "1,2";
				TEST_HOST = "$(BUILT_PRODUCTS_DIR)/SocialDownloaderApp.app/SocialDownloaderApp";
			};
			name = Release;
		};
/* End XCBuildConfiguration section */

/* Begin XCConfigurationList section */
		67293DB5278E9921002DA50E /* Build configuration list for PBXProject "SocialDownloaderApp" */ = {
			isa = XCConfigurationList;
			buildConfigurations = (
				67293DCC278E9925002DA50E /* Debug */,
				67293DCD278E9925002DA50E /* Release */,
			);
			defaultConfigurationIsVisible = 0;
			defaultConfigurationName = Release;
		};
		67293DCE278E9925002DA50E /* Build configuration list for PBXNativeTarget "SocialDownloaderApp" */ = {
			isa = XCConfigurationList;
			buildConfigurations = (
				67293DCF278E9925002DA50E /* Debug */,
				67293DD0278E9925002DA50E /* Release */,
			);
			defaultConfigurationIsVisible = 0;
			defaultConfigurationName = Release;
		};
		67293DDF278E9AD6002DA50E /* Build configuration list for PBXNativeTarget "SocialDownloaderAppTests" */ = {
			isa = XCConfigurationList;
			buildConfigurations = (
				67293DE0278E9AD6002DA50E /* Debug */,
				67293DE1278E9AD6002DA50E /* Release */,
			);
			defaultConfigurationIsVisible = 0;
			defaultConfigurationName = Release;
		};
/* End XCConfigurationList section */
	};
	rootObject = 67293DB2278E9921002DA50E /* Project object */;
}
